
Microsoft Visual Studio Solution File, Format Version 12.00
# Visual Studio Version 17
VisualStudioVersion = 17.0.31903.59
MinimumVisualStudioVersion = 10.0.40219.1
Project("{9A19103F-16F7-4668-BE54-9A1E7A4F7556}") = "SportsStore", "SportsStore\SportsStore.csproj", "{46474B2F-71F8-4292-A97C-9FA4E129C9F1}"
EndProject
Project("{9A19103F-16F7-4668-BE54-9A1E7A4F7556}") = "SportsStore.Tests", "SportsStore.Tests\SportsStore.Tests.csproj", "{6EA23D0D-71E0-44BB-B6CC-ECE57CA95234}"
EndProject
Global
	GlobalSection(SolutionConfigurationPlatforms) = preSolution
		Debug|Any CPU = Debug|Any CPU
		Release|Any CPU = Release|Any CPU
	EndGlobalSection
	GlobalSection(ProjectConfigurationPlatforms) = postSolution
		{46474B2F-71F8-4292-A97C-9FA4E129C9F1}.Debug|Any CPU.ActiveCfg = Debug|Any CPU
		{46474B2F-71F8-4292-A97C-9FA4E129C9F1}.Debug|Any CPU.Build.0 = Debug|Any CPU
		{46474B2F-71F8-4292-A97C-9FA4E129C9F1}.Release|Any CPU.ActiveCfg = Release|Any CPU
		{46474B2F-71F8-4292-A97C-9FA4E129C9F1}.Release|Any CPU.Build.0 = Release|Any CPU
		{6EA23D0D-71E0-44BB-B6CC-ECE57CA95234}.Debug|Any CPU.ActiveCfg = Debug|Any CPU
		{6EA23D0D-71E0-44BB-B6CC-ECE57CA95234}.Debug|Any CPU.Build.0 = Debug|Any CPU
		{6EA23D0D-71E0-44BB-B6CC-ECE57CA95234}.Release|Any CPU.ActiveCfg = Release|Any CPU
		{6EA23D0D-71E0-44BB-B6CC-ECE57CA95234}.Release|Any CPU.Build.0 = Release|Any CPU
	EndGlobalSection
	GlobalSection(SolutionProperties) = preSolution
		HideSolutionNode = FALSE
	EndGlobalSection
	GlobalSection(ExtensibilityGlobals) = postSolution
		SolutionGuid = {073D922B-461B-42AF-B31B-C4207B4CCBC9}
	EndGlobalSection
EndGlobal
